{
  "version": 4,
  "terraform_version": "1.0.9",
  "serial": 46,
  "lineage": "e370c7bf-7328-88d7-3b46-8209b1694479",
  "outputs": {
    "public_ip_address_mysql": {
      "value": "40.71.31.25",
      "type": "string"
    }
  },
  "resources": [
    {
      "mode": "data",
      "type": "azurerm_public_ip",
      "name": "ip_atividade_data_db",
      "provider": "provider[\"registry.terraform.io/hashicorp/azurerm\"]",
      "instances": [
        {
          "schema_version": 0,
          "attributes": {
            "allocation_method": "Static",
            "domain_name_label": "",
            "fqdn": "",
            "id": "/subscriptions/cca38ba2-1fb4-4567-a32e-ee97a4e99512/resourceGroups/rg-atividade/providers/Microsoft.Network/publicIPAddresses/ip-atividade",
            "idle_timeout_in_minutes": 4,
            "ip_address": "40.71.31.25",
            "ip_tags": {},
            "ip_version": "IPv4",
            "location": "eastus",
            "name": "ip-atividade",
            "resource_group_name": "rg-atividade",
            "reverse_fqdn": "",
            "sku": "Basic",
            "tags": {
              "environment": "public_ip"
            },
            "timeouts": null,
            "zones": []
          },
          "sensitive_attributes": []
        }
      ]
    },
    {
      "mode": "managed",
      "type": "azurerm_linux_virtual_machine",
      "name": "vm-atividade",
      "provider": "provider[\"registry.terraform.io/hashicorp/azurerm\"]",
      "instances": [
        {
          "schema_version": 0,
          "attributes": {
            "additional_capabilities": [],
            "admin_password": "Password1234!",
            "admin_ssh_key": [],
            "admin_username": "testadmin",
            "allow_extension_operations": true,
            "availability_set_id": "",
            "boot_diagnostics": [
              {
                "storage_account_uri": "https://storageaccountmyvm.blob.core.windows.net/"
              }
            ],
            "computer_name": "vm-atividade",
            "custom_data": null,
            "dedicated_host_id": "",
            "disable_password_authentication": false,
            "encryption_at_host_enabled": false,
            "eviction_policy": "",
            "extensions_time_budget": "PT1H30M",
            "id": "/subscriptions/cca38ba2-1fb4-4567-a32e-ee97a4e99512/resourceGroups/rg-atividade/providers/Microsoft.Compute/virtualMachines/mysqlteste",
            "identity": [],
            "license_type": "",
            "location": "eastus",
            "max_bid_price": -1,
            "name": "mysqlteste",
            "network_interface_ids": [
              "/subscriptions/cca38ba2-1fb4-4567-a32e-ee97a4e99512/resourceGroups/rg-atividade/providers/Microsoft.Network/networkInterfaces/ni-atividade"
            ],
            "os_disk": [
              {
                "caching": "ReadWrite",
                "diff_disk_settings": [],
                "disk_encryption_set_id": "",
                "disk_size_gb": 30,
                "name": "myOsDiskMySQL",
                "storage_account_type": "Premium_LRS",
                "write_accelerator_enabled": false
              }
            ],
            "plan": [],
            "platform_fault_domain": -1,
            "priority": "Regular",
            "private_ip_address": "10.0.1.4",
            "private_ip_addresses": [
              "10.0.1.4"
            ],
            "provision_vm_agent": true,
            "proximity_placement_group_id": "",
            "public_ip_address": "40.71.31.25",
            "public_ip_addresses": [
              "40.71.31.25"
            ],
            "resource_group_name": "rg-atividade",
            "secret": [],
            "size": "Standard_DS1_v2",
            "source_image_id": "",
            "source_image_reference": [
              {
                "offer": "UbuntuServer",
                "publisher": "Canonical",
                "sku": "18.04-LTS",
                "version": "latest"
              }
            ],
            "tags": null,
            "timeouts": null,
            "virtual_machine_id": "19abcb28-73db-4795-b95e-1f3afa68c398",
            "virtual_machine_scale_set_id": "",
            "zone": ""
          },
          "sensitive_attributes": [],
          "private": "eyJlMmJmYjczMC1lY2FhLTExZTYtOGY4OC0zNDM2M2JjN2M0YzAiOnsiY3JlYXRlIjoyNzAwMDAwMDAwMDAwLCJkZWxldGUiOjI3MDAwMDAwMDAwMDAsInJlYWQiOjMwMDAwMDAwMDAwMCwidXBkYXRlIjoyNzAwMDAwMDAwMDAwfX0=",
          "dependencies": [
            "azurerm_network_interface.ni-atividade",
            "azurerm_public_ip.ip-atividade",
            "azurerm_resource_group.rg-atividade",
            "azurerm_storage_account.samsqlteste",
            "azurerm_subnet.sub-atividade",
            "azurerm_virtual_network.vn-vitual-network"
          ]
        }
      ]
    },
    {
      "mode": "managed",
      "type": "azurerm_network_interface",
      "name": "ni-atividade",
      "provider": "provider[\"registry.terraform.io/hashicorp/azurerm\"]",
      "instances": [
        {
          "schema_version": 0,
          "attributes": {
            "applied_dns_servers": [],
            "dns_servers": [],
            "enable_accelerated_networking": false,
            "enable_ip_forwarding": false,
            "id": "/subscriptions/cca38ba2-1fb4-4567-a32e-ee97a4e99512/resourceGroups/rg-atividade/providers/Microsoft.Network/networkInterfaces/ni-atividade",
            "internal_dns_name_label": "",
            "internal_domain_name_suffix": "l31pyk0pex1uxkhaflqo3uzsne.bx.internal.cloudapp.net",
            "ip_configuration": [
              {
                "gateway_load_balancer_frontend_ip_configuration_id": "",
                "name": "internal",
                "primary": true,
                "private_ip_address": "10.0.1.4",
                "private_ip_address_allocation": "Dynamic",
                "private_ip_address_version": "IPv4",
                "public_ip_address_id": "/subscriptions/cca38ba2-1fb4-4567-a32e-ee97a4e99512/resourceGroups/rg-atividade/providers/Microsoft.Network/publicIPAddresses/ip-atividade",
                "subnet_id": "/subscriptions/cca38ba2-1fb4-4567-a32e-ee97a4e99512/resourceGroups/rg-atividade/providers/Microsoft.Network/virtualNetworks/vn-vitual-network/subnets/sub-atividade"
              }
            ],
            "location": "eastus",
            "mac_address": "",
            "name": "ni-atividade",
            "private_ip_address": "10.0.1.4",
            "private_ip_addresses": [
              "10.0.1.4"
            ],
            "resource_group_name": "rg-atividade",
            "tags": null,
            "timeouts": null,
            "virtual_machine_id": ""
          },
          "sensitive_attributes": [],
          "private": "eyJlMmJmYjczMC1lY2FhLTExZTYtOGY4OC0zNDM2M2JjN2M0YzAiOnsiY3JlYXRlIjoxODAwMDAwMDAwMDAwLCJkZWxldGUiOjE4MDAwMDAwMDAwMDAsInJlYWQiOjMwMDAwMDAwMDAwMCwidXBkYXRlIjoxODAwMDAwMDAwMDAwfX0=",
          "dependencies": [
            "azurerm_public_ip.ip-atividade",
            "azurerm_resource_group.rg-atividade",
            "azurerm_subnet.sub-atividade",
            "azurerm_virtual_network.vn-vitual-network"
          ]
        }
      ]
    },
    {
      "mode": "managed",
      "type": "azurerm_network_interface_security_group_association",
      "name": "nisga-atividade",
      "provider": "provider[\"registry.terraform.io/hashicorp/azurerm\"]",
      "instances": [
        {
          "schema_version": 0,
          "attributes": {
            "id": "/subscriptions/cca38ba2-1fb4-4567-a32e-ee97a4e99512/resourceGroups/rg-atividade/providers/Microsoft.Network/networkInterfaces/ni-atividade|/subscriptions/cca38ba2-1fb4-4567-a32e-ee97a4e99512/resourceGroups/rg-atividade/providers/Microsoft.Network/networkSecurityGroups/nsg-atividade",
            "network_interface_id": "/subscriptions/cca38ba2-1fb4-4567-a32e-ee97a4e99512/resourceGroups/rg-atividade/providers/Microsoft.Network/networkInterfaces/ni-atividade",
            "network_security_group_id": "/subscriptions/cca38ba2-1fb4-4567-a32e-ee97a4e99512/resourceGroups/rg-atividade/providers/Microsoft.Network/networkSecurityGroups/nsg-atividade",
            "timeouts": null
          },
          "sensitive_attributes": [],
          "private": "eyJlMmJmYjczMC1lY2FhLTExZTYtOGY4OC0zNDM2M2JjN2M0YzAiOnsiY3JlYXRlIjoxODAwMDAwMDAwMDAwLCJkZWxldGUiOjE4MDAwMDAwMDAwMDAsInJlYWQiOjMwMDAwMDAwMDAwMCwidXBkYXRlIjoxODAwMDAwMDAwMDAwfX0=",
          "dependencies": [
            "azurerm_network_interface.ni-atividade",
            "azurerm_network_security_group.nsg-atividade",
            "azurerm_public_ip.ip-atividade",
            "azurerm_resource_group.rg-atividade",
            "azurerm_subnet.sub-atividade",
            "azurerm_virtual_network.vn-vitual-network"
          ]
        }
      ]
    },
    {
      "mode": "managed",
      "type": "azurerm_network_security_group",
      "name": "nsg-atividade",
      "provider": "provider[\"registry.terraform.io/hashicorp/azurerm\"]",
      "instances": [
        {
          "schema_version": 0,
          "attributes": {
            "id": "/subscriptions/cca38ba2-1fb4-4567-a32e-ee97a4e99512/resourceGroups/rg-atividade/providers/Microsoft.Network/networkSecurityGroups/nsg-atividade",
            "location": "eastus",
            "name": "nsg-atividade",
            "resource_group_name": "rg-atividade",
            "security_rule": [
              {
                "access": "Allow",
                "description": "",
                "destination_address_prefix": "*",
                "destination_address_prefixes": [],
                "destination_application_security_group_ids": [],
                "destination_port_range": "22",
                "destination_port_ranges": [],
                "direction": "Inbound",
                "name": "SSH",
                "priority": 1001,
                "protocol": "Tcp",
                "source_address_prefix": "*",
                "source_address_prefixes": [],
                "source_application_security_group_ids": [],
                "source_port_range": "*",
                "source_port_ranges": []
              },
              {
                "access": "Allow",
                "description": "",
                "destination_address_prefix": "*",
                "destination_address_prefixes": [],
                "destination_application_security_group_ids": [],
                "destination_port_range": "3306",
                "destination_port_ranges": [],
                "direction": "Inbound",
                "name": "mysql",
                "priority": 1002,
                "protocol": "Tcp",
                "source_address_prefix": "*",
                "source_address_prefixes": [],
                "source_application_security_group_ids": [],
                "source_port_range": "*",
                "source_port_ranges": []
              }
            ],
            "tags": {
              "environment": "network_security_group"
            },
            "timeouts": null
          },
          "sensitive_attributes": [],
          "private": "eyJlMmJmYjczMC1lY2FhLTExZTYtOGY4OC0zNDM2M2JjN2M0YzAiOnsiY3JlYXRlIjoxODAwMDAwMDAwMDAwLCJkZWxldGUiOjE4MDAwMDAwMDAwMDAsInJlYWQiOjMwMDAwMDAwMDAwMCwidXBkYXRlIjoxODAwMDAwMDAwMDAwfX0=",
          "dependencies": [
            "azurerm_resource_group.rg-atividade"
          ]
        }
      ]
    },
    {
      "mode": "managed",
      "type": "azurerm_public_ip",
      "name": "ip-atividade",
      "provider": "provider[\"registry.terraform.io/hashicorp/azurerm\"]",
      "instances": [
        {
          "schema_version": 0,
          "attributes": {
            "allocation_method": "Static",
            "availability_zone": "No-Zone",
            "domain_name_label": null,
            "fqdn": null,
            "id": "/subscriptions/cca38ba2-1fb4-4567-a32e-ee97a4e99512/resourceGroups/rg-atividade/providers/Microsoft.Network/publicIPAddresses/ip-atividade",
            "idle_timeout_in_minutes": 4,
            "ip_address": "40.71.31.25",
            "ip_tags": null,
            "ip_version": "IPv4",
            "location": "eastus",
            "name": "ip-atividade",
            "public_ip_prefix_id": null,
            "resource_group_name": "rg-atividade",
            "reverse_fqdn": null,
            "sku": "Basic",
            "sku_tier": "Regional",
            "tags": {
              "environment": "public_ip"
            },
            "timeouts": null,
            "zones": []
          },
          "sensitive_attributes": [],
          "private": "eyJlMmJmYjczMC1lY2FhLTExZTYtOGY4OC0zNDM2M2JjN2M0YzAiOnsiY3JlYXRlIjoxODAwMDAwMDAwMDAwLCJkZWxldGUiOjE4MDAwMDAwMDAwMDAsInJlYWQiOjMwMDAwMDAwMDAwMCwidXBkYXRlIjoxODAwMDAwMDAwMDAwfX0=",
          "dependencies": [
            "azurerm_resource_group.rg-atividade"
          ]
        }
      ]
    },
    {
      "mode": "managed",
      "type": "azurerm_resource_group",
      "name": "rg-atividade",
      "provider": "provider[\"registry.terraform.io/hashicorp/azurerm\"]",
      "instances": [
        {
          "schema_version": 0,
          "attributes": {
            "id": "/subscriptions/cca38ba2-1fb4-4567-a32e-ee97a4e99512/resourceGroups/rg-atividade",
            "location": "eastus",
            "name": "rg-atividade",
            "tags": null,
            "timeouts": null
          },
          "sensitive_attributes": [],
          "private": "eyJlMmJmYjczMC1lY2FhLTExZTYtOGY4OC0zNDM2M2JjN2M0YzAiOnsiY3JlYXRlIjo1NDAwMDAwMDAwMDAwLCJkZWxldGUiOjU0MDAwMDAwMDAwMDAsInJlYWQiOjMwMDAwMDAwMDAwMCwidXBkYXRlIjo1NDAwMDAwMDAwMDAwfX0="
        }
      ]
    },
    {
      "mode": "managed",
      "type": "azurerm_storage_account",
      "name": "samsqlteste",
      "provider": "provider[\"registry.terraform.io/hashicorp/azurerm\"]",
      "instances": [
        {
          "schema_version": 2,
          "attributes": {
            "access_tier": "Hot",
            "account_kind": "StorageV2",
            "account_replication_type": "LRS",
            "account_tier": "Standard",
            "allow_blob_public_access": false,
            "azure_files_authentication": [],
            "blob_properties": [
              {
                "change_feed_enabled": false,
                "container_delete_retention_policy": [],
                "cors_rule": [],
                "default_service_version": "",
                "delete_retention_policy": [],
                "last_access_time_enabled": false,
                "versioning_enabled": false
              }
            ],
            "custom_domain": [],
            "enable_https_traffic_only": true,
            "id": "/subscriptions/cca38ba2-1fb4-4567-a32e-ee97a4e99512/resourceGroups/rg-atividade/providers/Microsoft.Storage/storageAccounts/storageaccountmyvm",
            "identity": [],
            "is_hns_enabled": false,
            "large_file_share_enabled": null,
            "location": "eastus",
            "min_tls_version": "TLS1_0",
            "name": "storageaccountmyvm",
            "network_rules": [
              {
                "bypass": [
                  "AzureServices"
                ],
                "default_action": "Allow",
                "ip_rules": [],
                "private_link_access": [],
                "virtual_network_subnet_ids": []
              }
            ],
            "nfsv3_enabled": false,
            "primary_access_key": "SjDEjZQB1ehwAkum79QN+k7xrSkks1QUzV/USmdUDcwES4F9WY/Sk/7iOmPMLuaIBMQ+B5M5VimsHXEqZO9wAA==",
            "primary_blob_connection_string": "DefaultEndpointsProtocol=https;BlobEndpoint=https://storageaccountmyvm.blob.core.windows.net/;AccountName=storageaccountmyvm;AccountKey=SjDEjZQB1ehwAkum79QN+k7xrSkks1QUzV/USmdUDcwES4F9WY/Sk/7iOmPMLuaIBMQ+B5M5VimsHXEqZO9wAA==",
            "primary_blob_endpoint": "https://storageaccountmyvm.blob.core.windows.net/",
            "primary_blob_host": "storageaccountmyvm.blob.core.windows.net",
            "primary_connection_string": "DefaultEndpointsProtocol=https;AccountName=storageaccountmyvm;AccountKey=SjDEjZQB1ehwAkum79QN+k7xrSkks1QUzV/USmdUDcwES4F9WY/Sk/7iOmPMLuaIBMQ+B5M5VimsHXEqZO9wAA==;EndpointSuffix=core.windows.net",
            "primary_dfs_endpoint": "https://storageaccountmyvm.dfs.core.windows.net/",
            "primary_dfs_host": "storageaccountmyvm.dfs.core.windows.net",
            "primary_file_endpoint": "https://storageaccountmyvm.file.core.windows.net/",
            "primary_file_host": "storageaccountmyvm.file.core.windows.net",
            "primary_location": "eastus",
            "primary_queue_endpoint": "https://storageaccountmyvm.queue.core.windows.net/",
            "primary_queue_host": "storageaccountmyvm.queue.core.windows.net",
            "primary_table_endpoint": "https://storageaccountmyvm.table.core.windows.net/",
            "primary_table_host": "storageaccountmyvm.table.core.windows.net",
            "primary_web_endpoint": "https://storageaccountmyvm.z13.web.core.windows.net/",
            "primary_web_host": "storageaccountmyvm.z13.web.core.windows.net",
            "queue_properties": [
              {
                "cors_rule": [],
                "hour_metrics": [
                  {
                    "enabled": true,
                    "include_apis": true,
                    "retention_policy_days": 7,
                    "version": "1.0"
                  }
                ],
                "logging": [
                  {
                    "delete": false,
                    "read": false,
                    "retention_policy_days": 0,
                    "version": "1.0",
                    "write": false
                  }
                ],
                "minute_metrics": [
                  {
                    "enabled": false,
                    "include_apis": false,
                    "retention_policy_days": 0,
                    "version": "1.0"
                  }
                ]
              }
            ],
            "resource_group_name": "rg-atividade",
            "routing": [],
            "secondary_access_key": "4CRSKLGsuvCJY6Yn19dekT4Ho1XyMDQ1BZ8cOGNJlFvFSrZWYGKl+ygO/odq0lWvCuELZcbWr0g+1N0Q7vqpjw==",
            "secondary_blob_connection_string": "",
            "secondary_blob_endpoint": null,
            "secondary_blob_host": null,
            "secondary_connection_string": "DefaultEndpointsProtocol=https;AccountName=storageaccountmyvm;AccountKey=4CRSKLGsuvCJY6Yn19dekT4Ho1XyMDQ1BZ8cOGNJlFvFSrZWYGKl+ygO/odq0lWvCuELZcbWr0g+1N0Q7vqpjw==;EndpointSuffix=core.windows.net",
            "secondary_dfs_endpoint": null,
            "secondary_dfs_host": null,
            "secondary_file_endpoint": null,
            "secondary_file_host": null,
            "secondary_location": "",
            "secondary_queue_endpoint": null,
            "secondary_queue_host": null,
            "secondary_table_endpoint": null,
            "secondary_table_host": null,
            "secondary_web_endpoint": null,
            "secondary_web_host": null,
            "share_properties": [
              {
                "cors_rule": [],
                "retention_policy": [
                  {
                    "days": 7
                  }
                ],
                "smb": []
              }
            ],
            "shared_access_key_enabled": true,
            "static_website": [],
            "tags": null,
            "timeouts": null
          },
          "sensitive_attributes": [],
          "private": "eyJlMmJmYjczMC1lY2FhLTExZTYtOGY4OC0zNDM2M2JjN2M0YzAiOnsiY3JlYXRlIjozNjAwMDAwMDAwMDAwLCJkZWxldGUiOjM2MDAwMDAwMDAwMDAsInJlYWQiOjMwMDAwMDAwMDAwMCwidXBkYXRlIjozNjAwMDAwMDAwMDAwfSwic2NoZW1hX3ZlcnNpb24iOiIyIn0=",
          "dependencies": [
            "azurerm_resource_group.rg-atividade"
          ]
        }
      ]
    },
    {
      "mode": "managed",
      "type": "azurerm_subnet",
      "name": "sub-atividade",
      "provider": "provider[\"registry.terraform.io/hashicorp/azurerm\"]",
      "instances": [
        {
          "schema_version": 0,
          "attributes": {
            "address_prefix": "10.0.1.0/24",
            "address_prefixes": [
              "10.0.1.0/24"
            ],
            "delegation": [],
            "enforce_private_link_endpoint_network_policies": false,
            "enforce_private_link_service_network_policies": false,
            "id": "/subscriptions/cca38ba2-1fb4-4567-a32e-ee97a4e99512/resourceGroups/rg-atividade/providers/Microsoft.Network/virtualNetworks/vn-vitual-network/subnets/sub-atividade",
            "name": "sub-atividade",
            "resource_group_name": "rg-atividade",
            "service_endpoint_policy_ids": null,
            "service_endpoints": null,
            "timeouts": null,
            "virtual_network_name": "vn-vitual-network"
          },
          "sensitive_attributes": [],
          "private": "eyJlMmJmYjczMC1lY2FhLTExZTYtOGY4OC0zNDM2M2JjN2M0YzAiOnsiY3JlYXRlIjoxODAwMDAwMDAwMDAwLCJkZWxldGUiOjE4MDAwMDAwMDAwMDAsInJlYWQiOjMwMDAwMDAwMDAwMCwidXBkYXRlIjoxODAwMDAwMDAwMDAwfX0=",
          "dependencies": [
            "azurerm_resource_group.rg-atividade",
            "azurerm_virtual_network.vn-vitual-network"
          ]
        }
      ]
    },
    {
      "mode": "managed",
      "type": "azurerm_virtual_network",
      "name": "vn-vitual-network",
      "provider": "provider[\"registry.terraform.io/hashicorp/azurerm\"]",
      "instances": [
        {
          "schema_version": 0,
          "attributes": {
            "address_space": [
              "10.0.0.0/16"
            ],
            "bgp_community": "",
            "ddos_protection_plan": [],
            "dns_servers": [],
            "guid": "2bfc765f-254f-4bf7-a8e0-2ae0eed3326c",
            "id": "/subscriptions/cca38ba2-1fb4-4567-a32e-ee97a4e99512/resourceGroups/rg-atividade/providers/Microsoft.Network/virtualNetworks/vn-vitual-network",
            "location": "eastus",
            "name": "vn-vitual-network",
            "resource_group_name": "rg-atividade",
            "subnet": [],
            "tags": {
              "environment": "VirtualRede"
            },
            "timeouts": null,
            "vm_protection_enabled": false
          },
          "sensitive_attributes": [],
          "private": "eyJlMmJmYjczMC1lY2FhLTExZTYtOGY4OC0zNDM2M2JjN2M0YzAiOnsiY3JlYXRlIjoxODAwMDAwMDAwMDAwLCJkZWxldGUiOjE4MDAwMDAwMDAwMDAsInJlYWQiOjMwMDAwMDAwMDAwMCwidXBkYXRlIjoxODAwMDAwMDAwMDAwfX0=",
          "dependencies": [
            "azurerm_resource_group.rg-atividade"
          ]
        }
      ]
    },
    {
      "mode": "managed",
      "type": "null_resource",
      "name": "deploy_db",
      "provider": "provider[\"registry.terraform.io/hashicorp/null\"]",
      "instances": []
    },
    {
      "mode": "managed",
      "type": "null_resource",
      "name": "upload_db",
      "provider": "provider[\"registry.terraform.io/hashicorp/null\"]",
      "instances": [
        {
          "status": "tainted",
          "schema_version": 0,
          "attributes": {
            "id": "474165483674898296",
            "triggers": null
          },
          "sensitive_attributes": [],
          "private": "bnVsbA==",
          "dependencies": [
            "azurerm_linux_virtual_machine.vm-atividade",
            "azurerm_network_interface.ni-atividade",
            "azurerm_public_ip.ip-atividade",
            "azurerm_resource_group.rg-atividade",
            "azurerm_storage_account.samsqlteste",
            "azurerm_subnet.sub-atividade",
            "azurerm_virtual_network.vn-vitual-network",
            "data.azurerm_public_ip.ip_atividade_data_db",
            "time_sleep.wait_30_seconds_db"
          ]
        }
      ]
    },
    {
      "mode": "managed",
      "type": "time_sleep",
      "name": "wait_30_seconds_db",
      "provider": "provider[\"registry.terraform.io/hashicorp/time\"]",
      "instances": [
        {
          "schema_version": 0,
          "attributes": {
            "create_duration": "30s",
            "destroy_duration": null,
            "id": "2021-10-27T02:45:44Z",
            "triggers": null
          },
          "sensitive_attributes": [],
          "private": "bnVsbA==",
          "dependencies": [
            "azurerm_linux_virtual_machine.vm-atividade",
            "azurerm_network_interface.ni-atividade",
            "azurerm_public_ip.ip-atividade",
            "azurerm_resource_group.rg-atividade",
            "azurerm_storage_account.samsqlteste",
            "azurerm_subnet.sub-atividade",
            "azurerm_virtual_network.vn-vitual-network"
          ]
        }
      ]
    }
  ]
}
